{
	"_OFProjectGeneratorVersion": "0.103.0",
	"archiveVersion": "1",
	"classes": {},
	"objectVersion": "54",
	"objects": {
		"03662788-A4AE-4596-8AB7-BB8A7E84B91D": {
			"fileRef": "A5D26C5B-81A1-4421-A706-07B0B586DE81",
			"isa": "PBXBuildFile"
		},
		"08204669-AC47-4D75-8DF1-27B204CEB789": {
			"fileEncoding": "4",
			"isa": "PBXFileReference",
			"lastKnownFileType": "sourcecode.cpp.h",
			"name": "ConvolutionPass.h",
			"sourceTree": "<group>"
		},
		"0C839FE2-EDFD-4E9F-AC56-6C76844B8A20": {
			"fileEncoding": "4",
			"isa": "PBXFileReference",
			"lastKnownFileType": "sourcecode.cpp.h",
			"name": "RenderPass.h",
			"sourceTree": "<group>"
		},
		"0C890A2C-12D4-4028-9232-F111D0797D5B": {
			"children": [
				"EF11867E-7995-4E34-AD21-34919ED0168B"
			],
			"isa": "PBXGroup",
			"name": "src",
			"path": "src",
			"sourceTree": "<group>"
		},
		"0CE910E0-1B9D-416A-9BF2-8CCD1DB860FB": {
			"fileEncoding": "4",
			"isa": "PBXFileReference",
			"lastKnownFileType": "sourcecode.cpp.h",
			"name": "VerticalTiltShifPass.h",
			"sourceTree": "<group>"
		},
		"0F708CD9-56F2-41C3-9E62-6C5D32CF4420": {
			"children": [
				"C0EAC0C8-55F5-42C3-AC95-793B32583767"
			],
			"isa": "PBXGroup",
			"name": "include",
			"path": "include",
			"sourceTree": "<group>"
		},
		"11567D41-CB25-4DC1-B786-9614E9876328": {
			"fileEncoding": "4",
			"isa": "PBXFileReference",
			"lastKnownFileType": "sourcecode.cpp.cpp",
			"name": "LatkZip.cpp",
			"sourceTree": "<group>"
		},
		"16932993-1248-42C3-ABAB-66F30B9079C3": {
			"fileEncoding": "4",
			"isa": "PBXFileReference",
			"lastKnownFileType": "sourcecode.cpp.cpp",
			"name": "RenderPass.cpp",
			"sourceTree": "<group>"
		},
		"170938FE-C664-4B9E-ABAC-0F820F881BE3": {
			"fileRef": "DB123DDC-9EE2-43B4-A814-DD847292B59D",
			"isa": "PBXBuildFile"
		},
		"191CD6FA2847E21E0085CBB6": {
			"fileEncoding": "4",
			"isa": "PBXFileReference",
			"lastKnownFileType": "text.plist.entitlements",
			"path": "of.entitlements",
			"sourceTree": "<group>"
		},
		"191EF70929D778A400F35F26": {
			"isa": "PBXFileReference",
			"lastKnownFileType": "folder",
			"name": "openFrameworks",
			"path": "../../../libs/openFrameworks",
			"sourceTree": "SOURCE_ROOT"
		},
		"19B789C429E5AB4A0082E9B8": {
			"alwaysOutOfDate": "1",
			"buildActionMask": "2147483647",
			"files": [],
			"inputFileListPaths": [],
			"inputPaths": [],
			"isa": "PBXShellScriptBuildPhase",
			"outputFileListPaths": [],
			"outputPaths": [],
			"runOnlyForDeploymentPostprocessing": "0",
			"shellPath": "/bin/sh",
			"shellScript": "\"$OF_PATH/scripts/osx/xcode_project.sh\"\n",
			"showEnvVarsInLog": "0"
		},
		"19C4AE57-7F2A-4B98-9BFE-725AA4ED095F": {
			"fileEncoding": "4",
			"isa": "PBXFileReference",
			"lastKnownFileType": "sourcecode.cpp.h",
			"name": "LimbDarkeningPass.h",
			"sourceTree": "<group>"
		},
		"19F7FBD7-B48E-46A4-BEC8-13FCC3A00C69": {
			"fileEncoding": "4",
			"isa": "PBXFileReference",
			"lastKnownFileType": "sourcecode.cpp.h",
			"name": "DofAltPass.h",
			"sourceTree": "<group>"
		},
		"1ECEEABF-7BF7-4AF1-94E8-0F8A788CC7C0": {
			"children": [
				"A54F84CC-6A8A-41FC-AF92-55B71C5CC9F5",
				"649B44DC-7B99-4594-8461-EC7D918EA1EC",
				"97FDAC9F-60CE-4367-A58C-B1B3817F7BFA",
				"71AB6130-1E88-42C5-AA1F-A33E0301C0DC",
				"E26AA993-3421-43D6-8863-9FB9E39E52D7",
				"C64389E4-258D-4CC3-8438-26216475965E",
				"6D1EF5D4-9751-4D5F-8708-085DC1CD9B5F",
				"08204669-AC47-4D75-8DF1-27B204CEB789",
				"4611A1DE-4148-4DC3-BAA0-746C1D87747B",
				"19F7FBD7-B48E-46A4-BEC8-13FCC3A00C69",
				"60C8D05F-42A1-478A-9D5B-918F516DFC91",
				"E639B848-CE30-48E3-8AD0-C452149F9F61",
				"4D7D6339-AFBE-4615-8616-F3930A1CFC65",
				"CFA9867C-75FC-4A81-9E20-EE81D5BE7474",
				"F1E7F09C-49FC-4978-8E3E-AF20FD5088B8",
				"6D0332D4-D0BF-4652-BA8A-85240F9E47D2",
				"C9C7B1F8-97AC-4FF3-B519-C85EFDCE8AE9",
				"3DA7FE1F-C517-4AB0-BA76-3F7E39249234",
				"8126A166-DE02-45D4-871A-E8412627D914",
				"5C121D2C-E59C-40D7-994A-5D9B88AC7E18",
				"C8404B3F-AB2D-41DB-BE93-CE4D9917FE75",
				"4FCF8E0B-B6E3-4DC8-A5D9-F4429406CFEC",
				"287DF747-527F-4F50-AD58-E785FE8C582C",
				"C126612D-900B-4A4B-B5CA-BFAB314D4331",
				"A5D26C5B-81A1-4421-A706-07B0B586DE81",
				"767CB48D-C57F-45DC-B4A4-7D781A550BC1",
				"C710281D-DF84-4432-926F-8BF1F28CF3E8",
				"9E31CD60-2F6A-4CC8-AEFD-41088F80112F",
				"46D48C49-F13F-45C5-B1A3-AF4F41B1F005",
				"19C4AE57-7F2A-4B98-9BFE-725AA4ED095F",
				"91B29A57-C415-47B4-B69A-46D590190D64",
				"F4D8F0AD-717E-4832-8470-1DD4A6AF325E",
				"D3E661E6-BACB-45E5-B42E-E9377C465FF3",
				"4F95422E-3E9D-48BD-B49F-FF60D18C85D7",
				"2386BDD8-B32C-4C01-86C5-BA3F313E890E",
				"7369B193-DDF5-4FE2-A791-57535C6CB587",
				"C2A52AA9-E92D-42CE-9CCD-4851CCF7E051",
				"AABE91B2-2BA8-4917-9E8E-C3284D2F12AA",
				"16932993-1248-42C3-ABAB-66F30B9079C3",
				"0C839FE2-EDFD-4E9F-AC56-6C76844B8A20",
				"C6BD6C2B-A1C0-4D80-B1EB-CF0E09BD19B6",
				"7C58B5DF-6988-4CF6-9F0C-4EBE060ED4AA",
				"91B53361-4AF2-4D31-88DF-22ACD3AE4453",
				"54234484-F95A-4FDC-B47B-8A98E4454257",
				"899F2465-0C5E-4A26-ADA7-D690504664EA",
				"9ECE8183-88BE-4EEF-BE8C-101A0F30B26F",
				"E2CE35DB-D971-4CBD-BDB8-97F9EB7B13D9",
				"0CE910E0-1B9D-416A-9BF2-8CCD1DB860FB",
				"4F8BCF1F-EC6E-42DE-80B9-786024B24C7D",
				"43F08C26-2EB0-4EB9-9DE5-95A9694FB402",
				"93159042-7AC2-4D05-9573-5FA70FDE24A1"
			],
			"isa": "PBXGroup",
			"name": "src",
			"path": "src",
			"sourceTree": "<group>"
		},
		"20243DFC-31B1-485A-9023-7FC4D7A92F17": {
			"fileRef": "4F8BCF1F-EC6E-42DE-80B9-786024B24C7D",
			"isa": "PBXBuildFile"
		},
		"22E54BA8-61DD-4DF4-B186-15E680FE97D8": {
			"children": [
				"CA9E4E77-55FA-48C7-9E85-B6804D86E339",
				"4F3EF69E-0A8E-434D-8DD8-D00724018F6F"
			],
			"isa": "PBXGroup",
			"name": "src",
			"path": "src",
			"sourceTree": "<group>"
		},
		"22EC79D7-4E83-437C-8B23-67FA7BE5754D": {
			"fileRef": "4F3EF69E-0A8E-434D-8DD8-D00724018F6F",
			"isa": "PBXBuildFile"
		},
		"2386BDD8-B32C-4C01-86C5-BA3F313E890E": {
			"fileEncoding": "4",
			"isa": "PBXFileReference",
			"lastKnownFileType": "sourcecode.cpp.cpp",
			"name": "PostProcessing.cpp",
			"sourceTree": "<group>"
		},
		"23E73BDA-CEE6-474F-BA8C-C40D1A8F8467": {
			"fileEncoding": "4",
			"isa": "PBXFileReference",
			"lastKnownFileType": "sourcecode.cpp.h",
			"name": "LatkLayer.h",
			"sourceTree": "<group>"
		},
		"28278E25-F432-4DBF-AE5C-726D2F77432D": {
			"fileEncoding": "4",
			"isa": "PBXFileReference",
			"lastKnownFileType": "sourcecode.cpp.h",
			"name": "LatkJson.h",
			"sourceTree": "<group>"
		},
		"287DF747-527F-4F50-AD58-E785FE8C582C": {
			"fileEncoding": "4",
			"isa": "PBXFileReference",
			"lastKnownFileType": "sourcecode.cpp.cpp",
			"name": "HsbShiftPass.cpp",
			"sourceTree": "<group>"
		},
		"2A29F6B2-D479-4B54-84DC-9C54D217D301": {
			"fileRef": "E2CE35DB-D971-4CBD-BDB8-97F9EB7B13D9",
			"isa": "PBXBuildFile"
		},
		"2CC09E7B-F9FE-4557-97C6-F32AC6031FA0": {
			"fileRef": "4D7D6339-AFBE-4615-8616-F3930A1CFC65",
			"isa": "PBXBuildFile"
		},
		"33529E53-493A-47A6-BE68-1FA0D641BC50": {
			"fileRef": "D3E661E6-BACB-45E5-B42E-E9377C465FF3",
			"isa": "PBXBuildFile"
		},
		"35A09D2B-6BCF-4F20-A3B9-71416FBA2F63": {
			"fileRef": "566745D4-ED31-47F4-BFE7-D48CE19EEA4B",
			"isa": "PBXBuildFile"
		},
		"3675F640-62BC-4599-8DE3-55573D0F2F13": {
			"fileRef": "6D1EF5D4-9751-4D5F-8708-085DC1CD9B5F",
			"isa": "PBXBuildFile"
		},
		"36A7031E-53F4-438E-9511-6EB0E7437F58": {
			"fileRef": "287DF747-527F-4F50-AD58-E785FE8C582C",
			"isa": "PBXBuildFile"
		},
		"36CB435C-C99C-48D9-BF61-30900FEF94C5": {
			"fileRef": "2386BDD8-B32C-4C01-86C5-BA3F313E890E",
			"isa": "PBXBuildFile"
		},
		"39AB2973-9208-4F1C-84EE-84AE0AA7EB97": {
			"fileRef": "60C8D05F-42A1-478A-9D5B-918F516DFC91",
			"isa": "PBXBuildFile"
		},
		"3DA7FE1F-C517-4AB0-BA76-3F7E39249234": {
			"fileEncoding": "4",
			"isa": "PBXFileReference",
			"lastKnownFileType": "sourcecode.cpp.h",
			"name": "FxaaPass.h",
			"sourceTree": "<group>"
		},
		"42934EB1-E7D4-4691-94BC-E35B8CF03E30": {
			"children": [
				"566745D4-ED31-47F4-BFE7-D48CE19EEA4B",
				"F7A7AEFC-99BE-4EBF-AA8E-61FF86ECDE17",
				"7A9BB382-2DC8-4A35-9FA7-5709F2CCCC9E",
				"DB123DDC-9EE2-43B4-A814-DD847292B59D",
				"A2603843-73B9-4F8E-9E3F-FA96267A6C87",
				"11567D41-CB25-4DC1-B786-9614E9876328"
			],
			"isa": "PBXGroup",
			"name": "src",
			"path": "src",
			"sourceTree": "<group>"
		},
		"43CD82AD-C04E-4E47-A39D-CCD9324D9F12": {
			"fileRef": "C9C7B1F8-97AC-4FF3-B519-C85EFDCE8AE9",
			"isa": "PBXBuildFile"
		},
		"43F08C26-2EB0-4EB9-9DE5-95A9694FB402": {
			"fileEncoding": "4",
			"isa": "PBXFileReference",
			"lastKnownFileType": "sourcecode.cpp.h",
			"name": "ZoomBlurPass.h",
			"sourceTree": "<group>"
		},
		"4611A1DE-4148-4DC3-BAA0-746C1D87747B": {
			"fileEncoding": "4",
			"isa": "PBXFileReference",
			"lastKnownFileType": "sourcecode.cpp.cpp",
			"name": "DofAltPass.cpp",
			"sourceTree": "<group>"
		},
		"461911D2-39C2-4E16-A2A2-100B1767A42D": {
			"children": [
				"C92AB168-0515-43E8-BB79-A2CB349C6B65",
				"0C890A2C-12D4-4028-9232-F111D0797D5B"
			],
			"isa": "PBXGroup",
			"name": "jsoncpp",
			"path": "jsoncpp",
			"sourceTree": "<group>"
		},
		"46D48C49-F13F-45C5-B1A3-AF4F41B1F005": {
			"fileEncoding": "4",
			"isa": "PBXFileReference",
			"lastKnownFileType": "sourcecode.cpp.cpp",
			"name": "LimbDarkeningPass.cpp",
			"sourceTree": "<group>"
		},
		"4A07472F-548D-4713-B31B-C78A31FD5772": {
			"fileEncoding": "4",
			"isa": "PBXFileReference",
			"lastKnownFileType": "sourcecode.cpp.h",
			"name": "Latk.h",
			"sourceTree": "<group>"
		},
		"4B36B2E9-595A-4234-B8FF-83651747175F": {
			"children": [
				"1ECEEABF-7BF7-4AF1-94E8-0F8A788CC7C0"
			],
			"isa": "PBXGroup",
			"name": "ofxPostProcessing",
			"path": "ofxPostProcessing",
			"sourceTree": "<group>"
		},
		"4D7D6339-AFBE-4615-8616-F3930A1CFC65": {
			"fileEncoding": "4",
			"isa": "PBXFileReference",
			"lastKnownFileType": "sourcecode.cpp.cpp",
			"name": "EdgePass.cpp",
			"sourceTree": "<group>"
		},
		"4F3EF69E-0A8E-434D-8DD8-D00724018F6F": {
			"fileEncoding": "4",
			"isa": "PBXFileReference",
			"lastKnownFileType": "sourcecode.c.c",
			"name": "zip.c",
			"sourceTree": "<group>"
		},
		"4F8BCF1F-EC6E-42DE-80B9-786024B24C7D": {
			"fileEncoding": "4",
			"isa": "PBXFileReference",
			"lastKnownFileType": "sourcecode.cpp.cpp",
			"name": "ZoomBlurPass.cpp",
			"sourceTree": "<group>"
		},
		"4F95422E-3E9D-48BD-B49F-FF60D18C85D7": {
			"fileEncoding": "4",
			"isa": "PBXFileReference",
			"lastKnownFileType": "sourcecode.cpp.h",
			"name": "PixelatePass.h",
			"sourceTree": "<group>"
		},
		"4FCF8E0B-B6E3-4DC8-A5D9-F4429406CFEC": {
			"fileEncoding": "4",
			"isa": "PBXFileReference",
			"lastKnownFileType": "sourcecode.cpp.h",
			"name": "HorizontalTiltShifPass.h",
			"sourceTree": "<group>"
		},
		"54234484-F95A-4FDC-B47B-8A98E4454257": {
			"fileEncoding": "4",
			"isa": "PBXFileReference",
			"lastKnownFileType": "sourcecode.cpp.h",
			"name": "SSAOPass.h",
			"sourceTree": "<group>"
		},
		"566745D4-ED31-47F4-BFE7-D48CE19EEA4B": {
			"fileEncoding": "4",
			"isa": "PBXFileReference",
			"lastKnownFileType": "sourcecode.cpp.cpp",
			"name": "Latk.cpp",
			"sourceTree": "<group>"
		},
		"5C121D2C-E59C-40D7-994A-5D9B88AC7E18": {
			"fileEncoding": "4",
			"isa": "PBXFileReference",
			"lastKnownFileType": "sourcecode.cpp.h",
			"name": "GodRaysPass.h",
			"sourceTree": "<group>"
		},
		"60C8D05F-42A1-478A-9D5B-918F516DFC91": {
			"fileEncoding": "4",
			"isa": "PBXFileReference",
			"lastKnownFileType": "sourcecode.cpp.cpp",
			"name": "DofPass.cpp",
			"sourceTree": "<group>"
		},
		"649B44DC-7B99-4594-8461-EC7D918EA1EC": {
			"fileEncoding": "4",
			"isa": "PBXFileReference",
			"lastKnownFileType": "sourcecode.cpp.h",
			"name": "BleachBypassPass.h",
			"sourceTree": "<group>"
		},
		"6BACACFF-1369-4BFB-B312-79FEE373937A": {
			"fileRef": "C8404B3F-AB2D-41DB-BE93-CE4D9917FE75",
			"isa": "PBXBuildFile"
		},
		"6BBC7D21-B8FF-4D8C-B645-A73B3DFCB1B3": {
			"children": [
				"A8012674-1297-4080-B675-868E8B2D0A4E",
				"22E54BA8-61DD-4DF4-B186-15E680FE97D8"
			],
			"isa": "PBXGroup",
			"name": "zip",
			"path": "zip",
			"sourceTree": "<group>"
		},
		"6D0332D4-D0BF-4652-BA8A-85240F9E47D2": {
			"fileEncoding": "4",
			"isa": "PBXFileReference",
			"lastKnownFileType": "sourcecode.cpp.h",
			"name": "FakeSSSPass.h",
			"sourceTree": "<group>"
		},
		"6D1EF5D4-9751-4D5F-8708-085DC1CD9B5F": {
			"fileEncoding": "4",
			"isa": "PBXFileReference",
			"lastKnownFileType": "sourcecode.cpp.cpp",
			"name": "ConvolutionPass.cpp",
			"sourceTree": "<group>"
		},
		"6E11BFF8-0529-4F57-885C-49F30C995FFA": {
			"fileEncoding": "4",
			"isa": "PBXFileReference",
			"lastKnownFileType": "sourcecode.cpp.h",
			"name": "LatkFrame.h",
			"sourceTree": "<group>"
		},
		"6EFBC6FE-17C6-4B04-B7E1-1802F2CC075B": {
			"fileRef": "11567D41-CB25-4DC1-B786-9614E9876328",
			"isa": "PBXBuildFile"
		},
		"6F9B7AD6-CC79-4543-B5D2-298950D1733E": {
			"fileRef": "97FDAC9F-60CE-4367-A58C-B1B3817F7BFA",
			"isa": "PBXBuildFile"
		},
		"71AB6130-1E88-42C5-AA1F-A33E0301C0DC": {
			"fileEncoding": "4",
			"isa": "PBXFileReference",
			"lastKnownFileType": "sourcecode.cpp.h",
			"name": "BloomPass.h",
			"sourceTree": "<group>"
		},
		"7369B193-DDF5-4FE2-A791-57535C6CB587": {
			"fileEncoding": "4",
			"isa": "PBXFileReference",
			"lastKnownFileType": "sourcecode.cpp.h",
			"name": "PostProcessing.h",
			"sourceTree": "<group>"
		},
		"753A524C-CDCB-4C01-AED5-6918FAA2CD4E": {
			"fileRef": "E26AA993-3421-43D6-8863-9FB9E39E52D7",
			"isa": "PBXBuildFile"
		},
		"765689E9-06C3-4621-A8C2-B1BB5061B4DE": {
			"fileRef": "F7A7AEFC-99BE-4EBF-AA8E-61FF86ECDE17",
			"isa": "PBXBuildFile"
		},
		"767CB48D-C57F-45DC-B4A4-7D781A550BC1": {
			"fileEncoding": "4",
			"isa": "PBXFileReference",
			"lastKnownFileType": "sourcecode.cpp.h",
			"name": "KaleidoscopePass.h",
			"sourceTree": "<group>"
		},
		"79870677-C8FF-43AF-B080-E9AEE079B7CE": {
			"fileRef": "46D48C49-F13F-45C5-B1A3-AF4F41B1F005",
			"isa": "PBXBuildFile"
		},
		"7A9BB382-2DC8-4A35-9FA7-5709F2CCCC9E": {
			"fileEncoding": "4",
			"isa": "PBXFileReference",
			"lastKnownFileType": "sourcecode.cpp.cpp",
			"name": "LatkJson.cpp",
			"sourceTree": "<group>"
		},
		"7C58B5DF-6988-4CF6-9F0C-4EBE060ED4AA": {
			"fileEncoding": "4",
			"isa": "PBXFileReference",
			"lastKnownFileType": "sourcecode.cpp.h",
			"name": "RimHighlightingPass.h",
			"sourceTree": "<group>"
		},
		"8126A166-DE02-45D4-871A-E8412627D914": {
			"fileEncoding": "4",
			"isa": "PBXFileReference",
			"lastKnownFileType": "sourcecode.cpp.cpp",
			"name": "GodRaysPass.cpp",
			"sourceTree": "<group>"
		},
		"869A9924-5D94-4FC4-A714-6D9AA9AFA397": {
			"fileEncoding": "4",
			"isa": "PBXFileReference",
			"lastKnownFileType": "sourcecode.cpp.h",
			"name": "json.h",
			"sourceTree": "<group>"
		},
		"871F8421-E7EB-4728-8642-D63B7C3FA7EE": {
			"children": [
				"ED6EB6A1-A4C7-4CD6-BD0A-2D7738972AEE",
				"DF29520E-5809-4919-BA8E-FF08243E68BB"
			],
			"isa": "PBXGroup",
			"name": "ofxLatk",
			"path": "ofxLatk",
			"sourceTree": "<group>"
		},
		"899F2465-0C5E-4A26-ADA7-D690504664EA": {
			"fileEncoding": "4",
			"isa": "PBXFileReference",
			"lastKnownFileType": "sourcecode.cpp.cpp",
			"name": "ToonPass.cpp",
			"sourceTree": "<group>"
		},
		"8FD78FDC-D650-4C9E-A123-9FAA5FF7B0CA": {
			"children": [
				"0F708CD9-56F2-41C3-9E62-6C5D32CF4420",
				"42934EB1-E7D4-4691-94BC-E35B8CF03E30"
			],
			"isa": "PBXGroup",
			"name": "ofxLatk",
			"path": "ofxLatk",
			"sourceTree": "<group>"
		},
		"911B9B87-507B-403D-BF5F-43C73B378D09": {
			"fileEncoding": "4",
			"isa": "PBXFileReference",
			"lastKnownFileType": "sourcecode.cpp.h",
			"name": "ofxLatk.h",
			"sourceTree": "<group>"
		},
		"91B29A57-C415-47B4-B69A-46D590190D64": {
			"fileEncoding": "4",
			"isa": "PBXFileReference",
			"lastKnownFileType": "sourcecode.cpp.cpp",
			"name": "NoiseWarpPass.cpp",
			"sourceTree": "<group>"
		},
		"91B53361-4AF2-4D31-88DF-22ACD3AE4453": {
			"fileEncoding": "4",
			"isa": "PBXFileReference",
			"lastKnownFileType": "sourcecode.cpp.cpp",
			"name": "SSAOPass.cpp",
			"sourceTree": "<group>"
		},
		"92DE2D70-1541-4890-A34B-635D35CC8429": {
			"fileRef": "91B29A57-C415-47B4-B69A-46D590190D64",
			"isa": "PBXBuildFile"
		},
		"93159042-7AC2-4D05-9573-5FA70FDE24A1": {
			"fileEncoding": "4",
			"isa": "PBXFileReference",
			"lastKnownFileType": "sourcecode.cpp.h",
			"name": "ofxPostProcessing.h",
			"sourceTree": "<group>"
		},
		"97FDAC9F-60CE-4367-A58C-B1B3817F7BFA": {
			"fileEncoding": "4",
			"isa": "PBXFileReference",
			"lastKnownFileType": "sourcecode.cpp.cpp",
			"name": "BloomPass.cpp",
			"sourceTree": "<group>"
		},
		"9E31CD60-2F6A-4CC8-AEFD-41088F80112F": {
			"fileEncoding": "4",
			"isa": "PBXFileReference",
			"lastKnownFileType": "sourcecode.cpp.h",
			"name": "LUTPass.h",
			"sourceTree": "<group>"
		},
		"9E5FA11A-4146-41E4-8D72-1C3F1D5832B7": {
			"fileRef": "8126A166-DE02-45D4-871A-E8412627D914",
			"isa": "PBXBuildFile"
		},
		"9EB9128A-C663-416F-A5E3-ECF48BAC7B42": {
			"fileRef": "16932993-1248-42C3-ABAB-66F30B9079C3",
			"isa": "PBXBuildFile"
		},
		"9ECE8183-88BE-4EEF-BE8C-101A0F30B26F": {
			"fileEncoding": "4",
			"isa": "PBXFileReference",
			"lastKnownFileType": "sourcecode.cpp.h",
			"name": "ToonPass.h",
			"sourceTree": "<group>"
		},
		"A2603843-73B9-4F8E-9E3F-FA96267A6C87": {
			"fileEncoding": "4",
			"isa": "PBXFileReference",
			"lastKnownFileType": "sourcecode.cpp.cpp",
			"name": "LatkStroke.cpp",
			"sourceTree": "<group>"
		},
		"A2CEBE2E-EBEF-427B-A8E7-DCBDF0DF17F2": {
			"fileEncoding": "4",
			"isa": "PBXFileReference",
			"lastKnownFileType": "sourcecode.c.h",
			"name": "zip.h",
			"sourceTree": "<group>"
		},
		"A52FF0FC-1439-4C77-85D2-BD580B8E31E0": {
			"fileRef": "4611A1DE-4148-4DC3-BAA0-746C1D87747B",
			"isa": "PBXBuildFile"
		},
		"A54F84CC-6A8A-41FC-AF92-55B71C5CC9F5": {
			"fileEncoding": "4",
			"isa": "PBXFileReference",
			"lastKnownFileType": "sourcecode.cpp.cpp",
			"name": "BleachBypassPass.cpp",
			"sourceTree": "<group>"
		},
		"A5D26C5B-81A1-4421-A706-07B0B586DE81": {
			"fileEncoding": "4",
			"isa": "PBXFileReference",
			"lastKnownFileType": "sourcecode.cpp.cpp",
			"name": "KaleidoscopePass.cpp",
			"sourceTree": "<group>"
		},
		"A8012674-1297-4080-B675-868E8B2D0A4E": {
			"children": [
				"A2CEBE2E-EBEF-427B-A8E7-DCBDF0DF17F2"
			],
			"isa": "PBXGroup",
			"name": "include",
			"path": "include",
			"sourceTree": "<group>"
		},
		"AABE91B2-2BA8-4917-9E8E-C3284D2F12AA": {
			"fileEncoding": "4",
			"isa": "PBXFileReference",
			"lastKnownFileType": "sourcecode.cpp.h",
			"name": "RGBShiftPass.h",
			"sourceTree": "<group>"
		},
		"B0275789-6F40-47ED-A388-E83B3A1ECB55": {
			"fileEncoding": "4",
			"isa": "PBXFileReference",
			"lastKnownFileType": "sourcecode.cpp.h",
			"name": "LatkZip.h",
			"sourceTree": "<group>"
		},
		"B2346701-C5E0-40A3-B1CE-2EF6A7FED9CA": {
			"fileRef": "7A9BB382-2DC8-4A35-9FA7-5709F2CCCC9E",
			"isa": "PBXBuildFile"
		},
		"BB4B014C10F69532006C3DED": {
			"children": [
				"871F8421-E7EB-4728-8642-D63B7C3FA7EE",
				"4B36B2E9-595A-4234-B8FF-83651747175F"
			],
			"isa": "PBXGroup",
			"name": "addons",
			"path": "../../../addons",
			"sourceTree": "SOURCE_ROOT"
		},
		"C0EAC0C8-55F5-42C3-AC95-793B32583767": {
			"children": [
				"4A07472F-548D-4713-B31B-C78A31FD5772",
				"6E11BFF8-0529-4F57-885C-49F30C995FFA",
				"28278E25-F432-4DBF-AE5C-726D2F77432D",
				"23E73BDA-CEE6-474F-BA8C-C40D1A8F8467",
				"CD364BAA-7DF5-4FFF-B228-6447ABB98EA0",
				"B0275789-6F40-47ED-A388-E83B3A1ECB55"
			],
			"isa": "PBXGroup",
			"name": "ofxLatk",
			"path": "ofxLatk",
			"sourceTree": "<group>"
		},
		"C126612D-900B-4A4B-B5CA-BFAB314D4331": {
			"fileEncoding": "4",
			"isa": "PBXFileReference",
			"lastKnownFileType": "sourcecode.cpp.h",
			"name": "HsbShiftPass.h",
			"sourceTree": "<group>"
		},
		"C1DC21FC-0400-46E9-8468-791929D151EE": {
			"children": [
				"CE42078E-8F01-4EAB-B7C5-266AF6209476",
				"869A9924-5D94-4FC4-A714-6D9AA9AFA397"
			],
			"isa": "PBXGroup",
			"name": "json",
			"path": "json",
			"sourceTree": "<group>"
		},
		"C2A52AA9-E92D-42CE-9CCD-4851CCF7E051": {
			"fileEncoding": "4",
			"isa": "PBXFileReference",
			"lastKnownFileType": "sourcecode.cpp.cpp",
			"name": "RGBShiftPass.cpp",
			"sourceTree": "<group>"
		},
		"C565E385-5A0B-4C0D-9D17-8E4B47E956AD": {
			"fileRef": "C2A52AA9-E92D-42CE-9CCD-4851CCF7E051",
			"isa": "PBXBuildFile"
		},
		"C64389E4-258D-4CC3-8438-26216475965E": {
			"fileEncoding": "4",
			"isa": "PBXFileReference",
			"lastKnownFileType": "sourcecode.cpp.h",
			"name": "ContrastPass.h",
			"sourceTree": "<group>"
		},
		"C6BD6C2B-A1C0-4D80-B1EB-CF0E09BD19B6": {
			"fileEncoding": "4",
			"isa": "PBXFileReference",
			"lastKnownFileType": "sourcecode.cpp.cpp",
			"name": "RimHighlightingPass.cpp",
			"sourceTree": "<group>"
		},
		"C710281D-DF84-4432-926F-8BF1F28CF3E8": {
			"fileEncoding": "4",
			"isa": "PBXFileReference",
			"lastKnownFileType": "sourcecode.cpp.cpp",
			"name": "LUTPass.cpp",
			"sourceTree": "<group>"
		},
		"C8326B8C-0E8A-45CD-88D1-9E853518F7F1": {
			"fileRef": "899F2465-0C5E-4A26-ADA7-D690504664EA",
			"isa": "PBXBuildFile"
		},
		"C8404B3F-AB2D-41DB-BE93-CE4D9917FE75": {
			"fileEncoding": "4",
			"isa": "PBXFileReference",
			"lastKnownFileType": "sourcecode.cpp.cpp",
			"name": "HorizontalTiltShifPass.cpp",
			"sourceTree": "<group>"
		},
		"C92AB168-0515-43E8-BB79-A2CB349C6B65": {
			"children": [
				"C1DC21FC-0400-46E9-8468-791929D151EE"
			],
			"isa": "PBXGroup",
			"name": "include",
			"path": "include",
			"sourceTree": "<group>"
		},
		"C9C7B1F8-97AC-4FF3-B519-C85EFDCE8AE9": {
			"fileEncoding": "4",
			"isa": "PBXFileReference",
			"lastKnownFileType": "sourcecode.cpp.cpp",
			"name": "FxaaPass.cpp",
			"sourceTree": "<group>"
		},
		"CA691C7A-3FF3-4CB7-9D33-9A0F48B7316F": {
			"fileRef": "A2603843-73B9-4F8E-9E3F-FA96267A6C87",
			"isa": "PBXBuildFile"
		},
		"CA9E4E77-55FA-48C7-9E85-B6804D86E339": {
			"fileEncoding": "4",
			"isa": "PBXFileReference",
			"lastKnownFileType": "sourcecode.c.h",
			"name": "miniz.h",
			"sourceTree": "<group>"
		},
		"CD364BAA-7DF5-4FFF-B228-6447ABB98EA0": {
			"fileEncoding": "4",
			"isa": "PBXFileReference",
			"lastKnownFileType": "sourcecode.cpp.h",
			"name": "LatkStroke.h",
			"sourceTree": "<group>"
		},
		"CE42078E-8F01-4EAB-B7C5-266AF6209476": {
			"fileEncoding": "4",
			"isa": "PBXFileReference",
			"lastKnownFileType": "sourcecode.cpp.h",
			"name": "json-forwards.h",
			"sourceTree": "<group>"
		},
		"CFA9867C-75FC-4A81-9E20-EE81D5BE7474": {
			"fileEncoding": "4",
			"isa": "PBXFileReference",
			"lastKnownFileType": "sourcecode.cpp.h",
			"name": "EdgePass.h",
			"sourceTree": "<group>"
		},
		"D3338B5F-07A0-4325-9A34-54EEADB0D5E0": {
			"fileRef": "91B53361-4AF2-4D31-88DF-22ACD3AE4453",
			"isa": "PBXBuildFile"
		},
		"D3E661E6-BACB-45E5-B42E-E9377C465FF3": {
			"fileEncoding": "4",
			"isa": "PBXFileReference",
			"lastKnownFileType": "sourcecode.cpp.cpp",
			"name": "PixelatePass.cpp",
			"sourceTree": "<group>"
		},
		"DB123DDC-9EE2-43B4-A814-DD847292B59D": {
			"fileEncoding": "4",
			"isa": "PBXFileReference",
			"lastKnownFileType": "sourcecode.cpp.cpp",
			"name": "LatkLayer.cpp",
			"sourceTree": "<group>"
		},
		"DDB8DBF6-6302-469D-8851-E035B2EA1DB1": {
			"fileRef": "C6BD6C2B-A1C0-4D80-B1EB-CF0E09BD19B6",
			"isa": "PBXBuildFile"
		},
		"DF29520E-5809-4919-BA8E-FF08243E68BB": {
			"children": [
				"911B9B87-507B-403D-BF5F-43C73B378D09"
			],
			"isa": "PBXGroup",
			"name": "src",
			"path": "src",
			"sourceTree": "<group>"
		},
		"DFD2ACF3-221B-49F4-ADEF-EDDD7290E920": {
			"fileEncoding": "4",
			"isa": "PBXFileReference",
			"lastKnownFileType": "folder",
			"name": "data",
			"path": "bin/data",
			"sourceTree": "SOURCE_ROOT"
		},
		"E26AA993-3421-43D6-8863-9FB9E39E52D7": {
			"fileEncoding": "4",
			"isa": "PBXFileReference",
			"lastKnownFileType": "sourcecode.cpp.cpp",
			"name": "ContrastPass.cpp",
			"sourceTree": "<group>"
		},
		"E2CE35DB-D971-4CBD-BDB8-97F9EB7B13D9": {
			"fileEncoding": "4",
			"isa": "PBXFileReference",
			"lastKnownFileType": "sourcecode.cpp.cpp",
			"name": "VerticalTiltShifPass.cpp",
			"sourceTree": "<group>"
		},
		"E42962A92163ECCD00A6A9E2": {
			"alwaysOutOfDate": "1",
			"buildActionMask": "2147483647",
			"files": [],
			"inputPaths": [],
			"isa": "PBXShellScriptBuildPhase",
			"name": "Run Script — Compile OF",
			"outputPaths": [],
			"runOnlyForDeploymentPostprocessing": "0",
			"shellPath": "/bin/sh",
			"shellScript": "$OF_CORE_BUILD_COMMAND\n",
			"showEnvVarsInLog": "0"
		},
		"E4A5B60F29BAAAE400C2D356": {
			"buildActionMask": "2147483647",
			"dstPath": "",
			"dstSubfolderSpec": "6",
			"files": [],
			"isa": "PBXCopyFilesBuildPhase",
			"runOnlyForDeploymentPostprocessing": "0"
		},
		"E4B69B4A0A3A1720003C02F2": {
			"children": [
				"191CD6FA2847E21E0085CBB6",
				"E4B6FCAD0C3E899E008CF71C",
				"E4EB6923138AFD0F00A09F29",
				"E4B69E1C0A3A1BDC003C02F2",
				"191EF70929D778A400F35F26",
				"BB4B014C10F69532006C3DED",
				"E4B69B5B0A3A1756003C02F2",
				"DFD2ACF3-221B-49F4-ADEF-EDDD7290E920"
			],
			"isa": "PBXGroup",
			"sourceTree": "<group>"
		},
		"E4B69B4C0A3A1720003C02F2": {
			"attributes": {
				"BuildIndependentTargetsInParallel": "YES",
				"LastUpgradeCheck": "1540"
			},
			"buildConfigurationList": "E4B69B4D0A3A1720003C02F2",
			"compatibilityVersion": "Xcode 3.2",
			"developmentRegion": "en",
			"hasScannedForEncodings": "0",
			"isa": "PBXProject",
			"knownRegions": [
				"en",
				"Base"
			],
			"mainGroup": "E4B69B4A0A3A1720003C02F2",
			"productRefGroup": "E4B69B4A0A3A1720003C02F2",
			"projectDirPath": "",
			"projectRoot": "",
			"targets": [
				"E4B69B5A0A3A1756003C02F2"
			]
		},
		"E4B69B4D0A3A1720003C02F2": {
			"buildConfigurations": [
				"E4B69B4E0A3A1720003C02F2",
				"E4B69B4F0A3A1720003C02F2"
			],
			"defaultConfigurationIsVisible": "0",
			"defaultConfigurationName": "Release",
			"isa": "XCConfigurationList"
		},
		"E4B69B4E0A3A1720003C02F2": {
			"baseConfigurationReference": "E4EB6923138AFD0F00A09F29",
			"buildSettings": {
				"CODE_SIGN_ENTITLEMENTS": "of.entitlements",
				"COPY_PHASE_STRIP": "NO",
				"ENABLE_TESTABILITY": "YES",
				"GCC_OPTIMIZATION_LEVEL": "0",
				"GCC_WARN_UNUSED_VARIABLE": "NO",
				"HEADER_SEARCH_PATHS": [
					"$(OF_CORE_HEADERS)",
					"src"
				],
				"OTHER_CPLUSPLUSFLAGS": "-D__MACOSX_CORE__"
			},
			"isa": "XCBuildConfiguration",
			"name": "Debug"
		},
		"E4B69B4F0A3A1720003C02F2": {
			"baseConfigurationReference": "E4EB6923138AFD0F00A09F29",
			"buildSettings": {
				"CODE_SIGN_ENTITLEMENTS": "of.entitlements",
				"COPY_PHASE_STRIP": "YES",
				"GCC_OPTIMIZATION_LEVEL": "3",
				"GCC_UNROLL_LOOPS": "YES",
				"HEADER_SEARCH_PATHS": [
					"$(OF_CORE_HEADERS)",
					"src"
				],
				"OTHER_CPLUSPLUSFLAGS": "-D__MACOSX_CORE__"
			},
			"isa": "XCBuildConfiguration",
			"name": "Release"
		},
		"E4B69B580A3A1756003C02F2": {
			"buildActionMask": "2147483647",
			"files": [
				"E4B69E200A3A1BDC003C02F2",
				"E4B69E210A3A1BDC003C02F2",
				"E6B9E6C7-67E0-4E18-B333-A3E0E3B1108F",
				"35A09D2B-6BCF-4F20-A3B9-71416FBA2F63",
				"765689E9-06C3-4621-A8C2-B1BB5061B4DE",
				"B2346701-C5E0-40A3-B1CE-2EF6A7FED9CA",
				"170938FE-C664-4B9E-ABAC-0F820F881BE3",
				"CA691C7A-3FF3-4CB7-9D33-9A0F48B7316F",
				"6EFBC6FE-17C6-4B04-B7E1-1802F2CC075B",
				"F3598B42-064E-4FA4-A3B3-D94ED6F00839",
				"6F9B7AD6-CC79-4543-B5D2-298950D1733E",
				"753A524C-CDCB-4C01-AED5-6918FAA2CD4E",
				"3675F640-62BC-4599-8DE3-55573D0F2F13",
				"A52FF0FC-1439-4C77-85D2-BD580B8E31E0",
				"39AB2973-9208-4F1C-84EE-84AE0AA7EB97",
				"2CC09E7B-F9FE-4557-97C6-F32AC6031FA0",
				"EC7FF0A6-7945-4704-A3ED-883299FDEE66",
				"43CD82AD-C04E-4E47-A39D-CCD9324D9F12",
				"9E5FA11A-4146-41E4-8D72-1C3F1D5832B7",
				"6BACACFF-1369-4BFB-B312-79FEE373937A",
				"36A7031E-53F4-438E-9511-6EB0E7437F58",
				"03662788-A4AE-4596-8AB7-BB8A7E84B91D",
				"F94A408B-9F1A-4CBA-AA47-3E841072153C",
				"79870677-C8FF-43AF-B080-E9AEE079B7CE",
				"92DE2D70-1541-4890-A34B-635D35CC8429",
				"33529E53-493A-47A6-BE68-1FA0D641BC50",
				"36CB435C-C99C-48D9-BF61-30900FEF94C5",
				"C565E385-5A0B-4C0D-9D17-8E4B47E956AD",
				"9EB9128A-C663-416F-A5E3-ECF48BAC7B42",
				"DDB8DBF6-6302-469D-8851-E035B2EA1DB1",
				"D3338B5F-07A0-4325-9A34-54EEADB0D5E0",
				"C8326B8C-0E8A-45CD-88D1-9E853518F7F1",
				"2A29F6B2-D479-4B54-84DC-9C54D217D301",
				"20243DFC-31B1-485A-9023-7FC4D7A92F17",
				"22EC79D7-4E83-437C-8B23-67FA7BE5754D"
			],
			"isa": "PBXSourcesBuildPhase",
			"runOnlyForDeploymentPostprocessing": "0"
		},
		"E4B69B590A3A1756003C02F2": {
			"buildActionMask": "2147483647",
			"files": [],
			"isa": "PBXFrameworksBuildPhase",
			"runOnlyForDeploymentPostprocessing": "0"
		},
		"E4B69B5A0A3A1756003C02F2": {
			"buildConfigurationList": "E4B69B5F0A3A1757003C02F2",
			"buildPhases": [
				"E42962A92163ECCD00A6A9E2",
				"E4B69B580A3A1756003C02F2",
				"E4B69B590A3A1756003C02F2",
				"E4C2427710CC5ABF004149E2",
				"E4A5B60F29BAAAE400C2D356",
				"19B789C429E5AB4A0082E9B8"
			],
			"buildRules": [],
			"dependencies": [],
			"isa": "PBXNativeTarget",
			"name": "example3",
			"productName": "myOFApp",
			"productReference": "E4B69B5B0A3A1756003C02F2",
			"productType": "com.apple.product-type.application"
		},
		"E4B69B5B0A3A1756003C02F2": {
			"explicitFileType": "wrapper.application",
			"includeInIndex": "0",
			"isa": "PBXFileReference",
			"path": "example3Debug.app",
			"sourceTree": "BUILT_PRODUCTS_DIR"
		},
		"E4B69B5F0A3A1757003C02F2": {
			"buildConfigurations": [
				"E4B69B600A3A1757003C02F2",
				"E4B69B610A3A1757003C02F2"
			],
			"defaultConfigurationIsVisible": "0",
			"defaultConfigurationName": "Release",
			"isa": "XCConfigurationList"
		},
		"E4B69B600A3A1757003C02F2": {
			"baseConfigurationReference": "E4EB6923138AFD0F00A09F29",
			"buildSettings": {
				"ARCHS": "$(ARCHS_STANDARD)",
				"COPY_PHASE_STRIP": "NO",
				"FRAMEWORK_SEARCH_PATHS": "$(inherited)",
				"GCC_DYNAMIC_NO_PIC": "NO",
				"HEADER_SEARCH_PATHS": [
					"$(OF_CORE_HEADERS)",
					"src",
					"src",
					"../src",
					"../libs/ofxLatk/include",
					"../libs/ofxLatk/include/ofxLatk",
					"../libs/jsoncpp/include",
					"../libs/zip/include",
					"../libs/zip/src",
					"../../ofxPostProcessing/src"
				],
				"LIBRARY_SEARCH_PATHS": "$(inherited)",
				"OTHER_LDFLAGS": [
					"$(OF_CORE_LIBS)",
					"$(OF_CORE_FRAMEWORKS)",
					"$(LIB_OF_DEBUG)"
				]
			},
			"isa": "XCBuildConfiguration",
			"name": "Debug"
		},
		"E4B69B610A3A1757003C02F2": {
			"baseConfigurationReference": "E4EB6923138AFD0F00A09F29",
			"buildSettings": {
				"ARCHS": "$(ARCHS_STANDARD)",
				"COPY_PHASE_STRIP": "YES",
				"FRAMEWORK_SEARCH_PATHS": "$(inherited)",
				"HEADER_SEARCH_PATHS": [
					"$(OF_CORE_HEADERS)",
					"src",
					"src",
					"../src",
					"../libs/ofxLatk/include",
					"../libs/ofxLatk/include/ofxLatk",
					"../libs/jsoncpp/include",
					"../libs/zip/include",
					"../libs/zip/src",
					"../../ofxPostProcessing/src"
				],
				"LIBRARY_SEARCH_PATHS": "$(inherited)",
				"OTHER_LDFLAGS": [
					"$(OF_CORE_LIBS)",
					"$(OF_CORE_FRAMEWORKS)",
					"$(LIB_OF_RELEASE)"
				],
				"baseConfigurationReference": "E4EB6923138AFD0F00A09F29"
			},
			"isa": "XCBuildConfiguration",
			"name": "Release"
		},
		"E4B69E1C0A3A1BDC003C02F2": {
			"children": [
				"E4B69E1D0A3A1BDC003C02F2",
				"E4B69E1E0A3A1BDC003C02F2",
				"E4B69E1F0A3A1BDC003C02F2"
			],
			"isa": "PBXGroup",
			"path": "src",
			"sourceTree": "SOURCE_ROOT"
		},
		"E4B69E1D0A3A1BDC003C02F2": {
			"fileEncoding": "4",
			"isa": "PBXFileReference",
			"lastKnownFileType": "sourcecode.cpp.cpp",
			"name": "main.cpp",
			"path": "src/main.cpp",
			"sourceTree": "SOURCE_ROOT"
		},
		"E4B69E1E0A3A1BDC003C02F2": {
			"explicitFileType": "sourcecode.cpp.cpp",
			"fileEncoding": "4",
			"isa": "PBXFileReference",
			"name": "ofApp.cpp",
			"path": "src/ofApp.cpp",
			"sourceTree": "SOURCE_ROOT"
		},
		"E4B69E1F0A3A1BDC003C02F2": {
			"fileEncoding": "4",
			"isa": "PBXFileReference",
			"lastKnownFileType": "sourcecode.c.h",
			"name": "ofApp.h",
			"path": "src/ofApp.h",
			"sourceTree": "SOURCE_ROOT"
		},
		"E4B69E200A3A1BDC003C02F2": {
			"fileRef": "E4B69E1D0A3A1BDC003C02F2",
			"isa": "PBXBuildFile"
		},
		"E4B69E210A3A1BDC003C02F2": {
			"fileRef": "E4B69E1E0A3A1BDC003C02F2",
			"isa": "PBXBuildFile"
		},
		"E4B6FCAD0C3E899E008CF71C": {
			"fileEncoding": "4",
			"isa": "PBXFileReference",
			"lastKnownFileType": "text.plist.xml",
			"path": "openFrameworks-Info.plist",
			"sourceTree": "<group>"
		},
		"E4C2427710CC5ABF004149E2": {
			"buildActionMask": "2147483647",
			"dstPath": "",
			"dstSubfolderSpec": "10",
			"files": [],
			"isa": "PBXCopyFilesBuildPhase",
			"runOnlyForDeploymentPostprocessing": "0"
		},
		"E4EB6923138AFD0F00A09F29": {
			"fileEncoding": "4",
			"isa": "PBXFileReference",
			"lastKnownFileType": "text.xcconfig",
			"path": "Project.xcconfig",
			"sourceTree": "<group>"
		},
		"E639B848-CE30-48E3-8AD0-C452149F9F61": {
			"fileEncoding": "4",
			"isa": "PBXFileReference",
			"lastKnownFileType": "sourcecode.cpp.h",
			"name": "DofPass.h",
			"sourceTree": "<group>"
		},
		"E6B9E6C7-67E0-4E18-B333-A3E0E3B1108F": {
			"fileRef": "EF11867E-7995-4E34-AD21-34919ED0168B",
			"isa": "PBXBuildFile"
		},
		"EC7FF0A6-7945-4704-A3ED-883299FDEE66": {
			"fileRef": "F1E7F09C-49FC-4978-8E3E-AF20FD5088B8",
			"isa": "PBXBuildFile"
		},
		"ED6EB6A1-A4C7-4CD6-BD0A-2D7738972AEE": {
			"children": [
				"461911D2-39C2-4E16-A2A2-100B1767A42D",
				"8FD78FDC-D650-4C9E-A123-9FAA5FF7B0CA",
				"6BBC7D21-B8FF-4D8C-B645-A73B3DFCB1B3"
			],
			"isa": "PBXGroup",
			"name": "libs",
			"path": "libs",
			"sourceTree": "<group>"
		},
		"EF11867E-7995-4E34-AD21-34919ED0168B": {
			"fileEncoding": "4",
			"isa": "PBXFileReference",
			"lastKnownFileType": "sourcecode.cpp.cpp",
			"name": "jsoncpp.cpp",
			"sourceTree": "<group>"
		},
		"F1E7F09C-49FC-4978-8E3E-AF20FD5088B8": {
			"fileEncoding": "4",
			"isa": "PBXFileReference",
			"lastKnownFileType": "sourcecode.cpp.cpp",
			"name": "FakeSSSPass.cpp",
			"sourceTree": "<group>"
		},
		"F3598B42-064E-4FA4-A3B3-D94ED6F00839": {
			"fileRef": "A54F84CC-6A8A-41FC-AF92-55B71C5CC9F5",
			"isa": "PBXBuildFile"
		},
		"F4D8F0AD-717E-4832-8470-1DD4A6AF325E": {
			"fileEncoding": "4",
			"isa": "PBXFileReference",
			"lastKnownFileType": "sourcecode.cpp.h",
			"name": "NoiseWarpPass.h",
			"sourceTree": "<group>"
		},
		"F7A7AEFC-99BE-4EBF-AA8E-61FF86ECDE17": {
			"fileEncoding": "4",
			"isa": "PBXFileReference",
			"lastKnownFileType": "sourcecode.cpp.cpp",
			"name": "LatkFrame.cpp",
			"sourceTree": "<group>"
		},
		"F94A408B-9F1A-4CBA-AA47-3E841072153C": {
			"fileRef": "C710281D-DF84-4432-926F-8BF1F28CF3E8",
			"isa": "PBXBuildFile"
		}
	},
	"rootObject": "E4B69B4C0A3A1720003C02F2"
}