{
	"_OFProjectGeneratorVersion": "0.103.0",
	"archiveVersion": "1",
	"classes": {},
	"objectVersion": "54",
	"objects": {
		"0A017247-9F6F-448D-8D17-DA7734083FF0": {
			"fileEncoding": "4",
			"isa": "PBXFileReference",
			"lastKnownFileType": "sourcecode.cpp.cpp",
			"name": "LatkStroke.cpp",
			"sourceTree": "<group>"
		},
		"0EB8EA20-52B3-487A-B45D-92D460DDE1AD": {
			"fileEncoding": "4",
			"isa": "PBXFileReference",
			"lastKnownFileType": "folder",
			"name": "data",
			"path": "bin/data",
			"sourceTree": "SOURCE_ROOT"
		},
		"191CD6FA2847E21E0085CBB6": {
			"fileEncoding": "4",
			"isa": "PBXFileReference",
			"lastKnownFileType": "text.plist.entitlements",
			"path": "of.entitlements",
			"sourceTree": "<group>"
		},
		"191EF70929D778A400F35F26": {
			"isa": "PBXFileReference",
			"lastKnownFileType": "folder",
			"name": "openFrameworks",
			"path": "../../../libs/openFrameworks",
			"sourceTree": "SOURCE_ROOT"
		},
		"19B789C429E5AB4A0082E9B8": {
			"alwaysOutOfDate": "1",
			"buildActionMask": "2147483647",
			"files": [],
			"inputFileListPaths": [],
			"inputPaths": [],
			"isa": "PBXShellScriptBuildPhase",
			"outputFileListPaths": [],
			"outputPaths": [],
			"runOnlyForDeploymentPostprocessing": "0",
			"shellPath": "/bin/sh",
			"shellScript": "\"$OF_PATH/scripts/osx/xcode_project.sh\"\n",
			"showEnvVarsInLog": "0"
		},
		"19E6AD3B-E595-4FA1-AABC-DB205B604E31": {
			"children": [
				"C110C652-E960-48F6-A046-82A3A3E670D1",
				"39AC61FD-43C9-49F2-8D72-EF61188852F6"
			],
			"isa": "PBXGroup",
			"name": "ofxLatk",
			"path": "ofxLatk",
			"sourceTree": "<group>"
		},
		"257F6699-D8DB-4FF3-822A-F2C914EF7052": {
			"fileRef": "99CA9B9C-373D-4832-9424-DE732CFA1DD3",
			"isa": "PBXBuildFile"
		},
		"2A1E7491-A1EC-4EE2-B1DA-BCF815755978": {
			"fileRef": "D71EBA9C-77CA-41C3-843A-AA5C9FA198A5",
			"isa": "PBXBuildFile"
		},
		"30DDF66F-61C3-44D5-8BA9-EC547A04F323": {
			"fileEncoding": "4",
			"isa": "PBXFileReference",
			"lastKnownFileType": "sourcecode.cpp.h",
			"name": "LatkJson.h",
			"sourceTree": "<group>"
		},
		"348689C8-B588-4422-A106-2752BF6A2E0A": {
			"fileRef": "FD0F8B18-9BD3-4C69-B832-0D2308456E6F",
			"isa": "PBXBuildFile"
		},
		"37E6C824-34AB-4071-998D-7494AC4B9133": {
			"fileEncoding": "4",
			"isa": "PBXFileReference",
			"lastKnownFileType": "sourcecode.cpp.h",
			"name": "ofxLatk.h",
			"sourceTree": "<group>"
		},
		"39AC61FD-43C9-49F2-8D72-EF61188852F6": {
			"children": [
				"87BB6E4B-15CA-4010-8B02-8932AE8DEAAC",
				"9DBE5850-6499-4DFD-ADE9-9E12EA44D794",
				"99CA9B9C-373D-4832-9424-DE732CFA1DD3",
				"D71EBA9C-77CA-41C3-843A-AA5C9FA198A5",
				"0A017247-9F6F-448D-8D17-DA7734083FF0",
				"FD0F8B18-9BD3-4C69-B832-0D2308456E6F"
			],
			"isa": "PBXGroup",
			"name": "src",
			"path": "src",
			"sourceTree": "<group>"
		},
		"3E85C08D-5053-4210-A2A1-36CDF768BDE2": {
			"fileEncoding": "4",
			"isa": "PBXFileReference",
			"lastKnownFileType": "sourcecode.cpp.h",
			"name": "LatkFrame.h",
			"sourceTree": "<group>"
		},
		"410FB3BA-83C7-4BEF-A3B0-687623FF14BF": {
			"children": [
				"37E6C824-34AB-4071-998D-7494AC4B9133"
			],
			"isa": "PBXGroup",
			"name": "src",
			"path": "src",
			"sourceTree": "<group>"
		},
		"47ABAA01-95E6-4916-BE6F-635E0475E94E": {
			"children": [
				"C39E3893-9790-4B08-8613-0426F2DF8305"
			],
			"isa": "PBXGroup",
			"name": "src",
			"path": "src",
			"sourceTree": "<group>"
		},
		"5D50DE3A-BE3A-45B5-A7A3-E6767665F4C1": {
			"fileRef": "87BB6E4B-15CA-4010-8B02-8932AE8DEAAC",
			"isa": "PBXBuildFile"
		},
		"609C4408-F433-4216-8E23-A24F1F0DB249": {
			"fileEncoding": "4",
			"isa": "PBXFileReference",
			"lastKnownFileType": "sourcecode.cpp.h",
			"name": "json-forwards.h",
			"sourceTree": "<group>"
		},
		"73B6177F-D575-4D98-B31D-F9885700E133": {
			"fileRef": "0A017247-9F6F-448D-8D17-DA7734083FF0",
			"isa": "PBXBuildFile"
		},
		"861671A8-DFB7-4F14-B19A-B06A8EE53B0E": {
			"fileEncoding": "4",
			"isa": "PBXFileReference",
			"lastKnownFileType": "sourcecode.cpp.h",
			"name": "LatkZip.h",
			"sourceTree": "<group>"
		},
		"87BB6E4B-15CA-4010-8B02-8932AE8DEAAC": {
			"fileEncoding": "4",
			"isa": "PBXFileReference",
			"lastKnownFileType": "sourcecode.cpp.cpp",
			"name": "Latk.cpp",
			"sourceTree": "<group>"
		},
		"897097BE-67B7-4E1A-A778-DB00F8465148": {
			"fileEncoding": "4",
			"isa": "PBXFileReference",
			"lastKnownFileType": "sourcecode.cpp.h",
			"name": "json.h",
			"sourceTree": "<group>"
		},
		"903C6734-9051-46B5-8C1B-E24F7D895D69": {
			"fileRef": "C39E3893-9790-4B08-8613-0426F2DF8305",
			"isa": "PBXBuildFile"
		},
		"99CA9B9C-373D-4832-9424-DE732CFA1DD3": {
			"fileEncoding": "4",
			"isa": "PBXFileReference",
			"lastKnownFileType": "sourcecode.cpp.cpp",
			"name": "LatkJson.cpp",
			"sourceTree": "<group>"
		},
		"9DBE5850-6499-4DFD-ADE9-9E12EA44D794": {
			"fileEncoding": "4",
			"isa": "PBXFileReference",
			"lastKnownFileType": "sourcecode.cpp.cpp",
			"name": "LatkFrame.cpp",
			"sourceTree": "<group>"
		},
		"9E358FB3-D975-49AB-B995-7E2F2C9620CD": {
			"children": [
				"EEB4FAAC-1328-4330-9F0B-3208BC54074C",
				"410FB3BA-83C7-4BEF-A3B0-687623FF14BF"
			],
			"isa": "PBXGroup",
			"name": "ofxLatk",
			"path": "ofxLatk",
			"sourceTree": "<group>"
		},
		"A074CBDF-F4C2-4502-9A74-2B671334A850": {
			"children": [
				"609C4408-F433-4216-8E23-A24F1F0DB249",
				"897097BE-67B7-4E1A-A778-DB00F8465148"
			],
			"isa": "PBXGroup",
			"name": "json",
			"path": "json",
			"sourceTree": "<group>"
		},
		"B03899B4-C21E-49A4-AFB9-473A484E36C2": {
			"fileEncoding": "4",
			"isa": "PBXFileReference",
			"lastKnownFileType": "sourcecode.cpp.h",
			"name": "LatkStroke.h",
			"sourceTree": "<group>"
		},
		"B26C4886-4CEA-452B-A1C9-0384BB944E5F": {
			"fileEncoding": "4",
			"isa": "PBXFileReference",
			"lastKnownFileType": "sourcecode.cpp.h",
			"name": "LatkLayer.h",
			"sourceTree": "<group>"
		},
		"BB4B014C10F69532006C3DED": {
			"children": [
				"9E358FB3-D975-49AB-B995-7E2F2C9620CD"
			],
			"isa": "PBXGroup",
			"name": "addons",
			"path": "../../../addons",
			"sourceTree": "SOURCE_ROOT"
		},
		"BEC0147A-1EE8-4785-923E-3F3E72AA5E23": {
			"children": [
				"EB17DF97-D3C9-49E1-98E2-B2002F9A57BA",
				"47ABAA01-95E6-4916-BE6F-635E0475E94E"
			],
			"isa": "PBXGroup",
			"name": "jsoncpp",
			"path": "jsoncpp",
			"sourceTree": "<group>"
		},
		"C110C652-E960-48F6-A046-82A3A3E670D1": {
			"children": [
				"F73890CF-F693-410B-B56F-6534B02CD53F"
			],
			"isa": "PBXGroup",
			"name": "include",
			"path": "include",
			"sourceTree": "<group>"
		},
		"C39E3893-9790-4B08-8613-0426F2DF8305": {
			"fileEncoding": "4",
			"isa": "PBXFileReference",
			"lastKnownFileType": "sourcecode.cpp.cpp",
			"name": "jsoncpp.cpp",
			"sourceTree": "<group>"
		},
		"CA0E57C3-E12F-4FB8-B83D-6B9A0AE3C3FA": {
			"fileRef": "9DBE5850-6499-4DFD-ADE9-9E12EA44D794",
			"isa": "PBXBuildFile"
		},
		"D71EBA9C-77CA-41C3-843A-AA5C9FA198A5": {
			"fileEncoding": "4",
			"isa": "PBXFileReference",
			"lastKnownFileType": "sourcecode.cpp.cpp",
			"name": "LatkLayer.cpp",
			"sourceTree": "<group>"
		},
		"E1253B3B-D592-44F7-8E19-7B85F0DD7741": {
			"fileEncoding": "4",
			"isa": "PBXFileReference",
			"lastKnownFileType": "sourcecode.cpp.h",
			"name": "Latk.h",
			"sourceTree": "<group>"
		},
		"E42962A92163ECCD00A6A9E2": {
			"alwaysOutOfDate": "1",
			"buildActionMask": "2147483647",
			"files": [],
			"inputPaths": [],
			"isa": "PBXShellScriptBuildPhase",
			"name": "Run Script — Compile OF",
			"outputPaths": [],
			"runOnlyForDeploymentPostprocessing": "0",
			"shellPath": "/bin/sh",
			"shellScript": "$OF_CORE_BUILD_COMMAND\n",
			"showEnvVarsInLog": "0"
		},
		"E4A5B60F29BAAAE400C2D356": {
			"buildActionMask": "2147483647",
			"dstPath": "",
			"dstSubfolderSpec": "6",
			"files": [],
			"isa": "PBXCopyFilesBuildPhase",
			"runOnlyForDeploymentPostprocessing": "0"
		},
		"E4B69B4A0A3A1720003C02F2": {
			"children": [
				"191CD6FA2847E21E0085CBB6",
				"E4B6FCAD0C3E899E008CF71C",
				"E4EB6923138AFD0F00A09F29",
				"E4B69E1C0A3A1BDC003C02F2",
				"191EF70929D778A400F35F26",
				"BB4B014C10F69532006C3DED",
				"E4B69B5B0A3A1756003C02F2",
				"0EB8EA20-52B3-487A-B45D-92D460DDE1AD"
			],
			"isa": "PBXGroup",
			"sourceTree": "<group>"
		},
		"E4B69B4C0A3A1720003C02F2": {
			"attributes": {
				"BuildIndependentTargetsInParallel": "YES",
				"LastUpgradeCheck": "1540"
			},
			"buildConfigurationList": "E4B69B4D0A3A1720003C02F2",
			"compatibilityVersion": "Xcode 3.2",
			"developmentRegion": "en",
			"hasScannedForEncodings": "0",
			"isa": "PBXProject",
			"knownRegions": [
				"en",
				"Base"
			],
			"mainGroup": "E4B69B4A0A3A1720003C02F2",
			"productRefGroup": "E4B69B4A0A3A1720003C02F2",
			"projectDirPath": "",
			"projectRoot": "",
			"targets": [
				"E4B69B5A0A3A1756003C02F2"
			]
		},
		"E4B69B4D0A3A1720003C02F2": {
			"buildConfigurations": [
				"E4B69B4E0A3A1720003C02F2",
				"E4B69B4F0A3A1720003C02F2"
			],
			"defaultConfigurationIsVisible": "0",
			"defaultConfigurationName": "Release",
			"isa": "XCConfigurationList"
		},
		"E4B69B4E0A3A1720003C02F2": {
			"baseConfigurationReference": "E4EB6923138AFD0F00A09F29",
			"buildSettings": {
				"CODE_SIGN_ENTITLEMENTS": "of.entitlements",
				"COPY_PHASE_STRIP": "NO",
				"ENABLE_TESTABILITY": "YES",
				"GCC_OPTIMIZATION_LEVEL": "0",
				"GCC_WARN_UNUSED_VARIABLE": "NO",
				"HEADER_SEARCH_PATHS": [
					"$(OF_CORE_HEADERS)",
					"src"
				],
				"OTHER_CPLUSPLUSFLAGS": "-D__MACOSX_CORE__"
			},
			"isa": "XCBuildConfiguration",
			"name": "Debug"
		},
		"E4B69B4F0A3A1720003C02F2": {
			"baseConfigurationReference": "E4EB6923138AFD0F00A09F29",
			"buildSettings": {
				"CODE_SIGN_ENTITLEMENTS": "of.entitlements",
				"COPY_PHASE_STRIP": "YES",
				"GCC_OPTIMIZATION_LEVEL": "3",
				"GCC_UNROLL_LOOPS": "YES",
				"HEADER_SEARCH_PATHS": [
					"$(OF_CORE_HEADERS)",
					"src"
				],
				"OTHER_CPLUSPLUSFLAGS": "-D__MACOSX_CORE__"
			},
			"isa": "XCBuildConfiguration",
			"name": "Release"
		},
		"E4B69B580A3A1756003C02F2": {
			"buildActionMask": "2147483647",
			"files": [
				"E4B69E200A3A1BDC003C02F2",
				"E4B69E210A3A1BDC003C02F2",
				"903C6734-9051-46B5-8C1B-E24F7D895D69",
				"5D50DE3A-BE3A-45B5-A7A3-E6767665F4C1",
				"CA0E57C3-E12F-4FB8-B83D-6B9A0AE3C3FA",
				"257F6699-D8DB-4FF3-822A-F2C914EF7052",
				"2A1E7491-A1EC-4EE2-B1DA-BCF815755978",
				"73B6177F-D575-4D98-B31D-F9885700E133",
				"348689C8-B588-4422-A106-2752BF6A2E0A"
			],
			"isa": "PBXSourcesBuildPhase",
			"runOnlyForDeploymentPostprocessing": "0"
		},
		"E4B69B590A3A1756003C02F2": {
			"buildActionMask": "2147483647",
			"files": [],
			"isa": "PBXFrameworksBuildPhase",
			"runOnlyForDeploymentPostprocessing": "0"
		},
		"E4B69B5A0A3A1756003C02F2": {
			"buildConfigurationList": "E4B69B5F0A3A1757003C02F2",
			"buildPhases": [
				"E42962A92163ECCD00A6A9E2",
				"E4B69B580A3A1756003C02F2",
				"E4B69B590A3A1756003C02F2",
				"E4C2427710CC5ABF004149E2",
				"E4A5B60F29BAAAE400C2D356",
				"19B789C429E5AB4A0082E9B8"
			],
			"buildRules": [],
			"dependencies": [],
			"isa": "PBXNativeTarget",
			"name": "example",
			"productName": "myOFApp",
			"productReference": "E4B69B5B0A3A1756003C02F2",
			"productType": "com.apple.product-type.application"
		},
		"E4B69B5B0A3A1756003C02F2": {
			"explicitFileType": "wrapper.application",
			"includeInIndex": "0",
			"isa": "PBXFileReference",
			"path": "exampleDebug.app",
			"sourceTree": "BUILT_PRODUCTS_DIR"
		},
		"E4B69B5F0A3A1757003C02F2": {
			"buildConfigurations": [
				"E4B69B600A3A1757003C02F2",
				"E4B69B610A3A1757003C02F2"
			],
			"defaultConfigurationIsVisible": "0",
			"defaultConfigurationName": "Release",
			"isa": "XCConfigurationList"
		},
		"E4B69B600A3A1757003C02F2": {
			"baseConfigurationReference": "E4EB6923138AFD0F00A09F29",
			"buildSettings": {
				"ARCHS": "$(ARCHS_STANDARD)",
				"COPY_PHASE_STRIP": "NO",
				"FRAMEWORK_SEARCH_PATHS": "$(inherited)",
				"GCC_DYNAMIC_NO_PIC": "NO",
				"HEADER_SEARCH_PATHS": [
					"$(OF_CORE_HEADERS)",
					"src",
					"src",
					"../src",
					"../libs/ofxLatk/include",
					"../libs/ofxLatk/include/ofxLatk",
					"../libs/jsoncpp/include",
					"../libs/poco/include"
				],
				"LIBRARY_SEARCH_PATHS": "$(inherited)",
				"OTHER_LDFLAGS": [
					"$(OF_CORE_LIBS)",
					"$(OF_CORE_FRAMEWORKS)",
					"$(LIB_OF_DEBUG)",
					"../libs/poco/lib/macos/poco.xcframework/macos-arm64_x86_64/poco.a"
				]
			},
			"isa": "XCBuildConfiguration",
			"name": "Debug"
		},
		"E4B69B610A3A1757003C02F2": {
			"baseConfigurationReference": "E4EB6923138AFD0F00A09F29",
			"buildSettings": {
				"ARCHS": "$(ARCHS_STANDARD)",
				"COPY_PHASE_STRIP": "YES",
				"FRAMEWORK_SEARCH_PATHS": "$(inherited)",
				"HEADER_SEARCH_PATHS": [
					"$(OF_CORE_HEADERS)",
					"src",
					"src",
					"../src",
					"../libs/ofxLatk/include",
					"../libs/ofxLatk/include/ofxLatk",
					"../libs/jsoncpp/include",
					"../libs/poco/include"
				],
				"LIBRARY_SEARCH_PATHS": "$(inherited)",
				"OTHER_LDFLAGS": [
					"$(OF_CORE_LIBS)",
					"$(OF_CORE_FRAMEWORKS)",
					"$(LIB_OF_RELEASE)",
					"../libs/poco/lib/macos/poco.xcframework/macos-arm64_x86_64/poco.a"
				],
				"baseConfigurationReference": "E4EB6923138AFD0F00A09F29"
			},
			"isa": "XCBuildConfiguration",
			"name": "Release"
		},
		"E4B69E1C0A3A1BDC003C02F2": {
			"children": [
				"E4B69E1D0A3A1BDC003C02F2",
				"E4B69E1E0A3A1BDC003C02F2",
				"E4B69E1F0A3A1BDC003C02F2"
			],
			"isa": "PBXGroup",
			"path": "src",
			"sourceTree": "SOURCE_ROOT"
		},
		"E4B69E1D0A3A1BDC003C02F2": {
			"fileEncoding": "4",
			"isa": "PBXFileReference",
			"lastKnownFileType": "sourcecode.cpp.cpp",
			"name": "main.cpp",
			"path": "src/main.cpp",
			"sourceTree": "SOURCE_ROOT"
		},
		"E4B69E1E0A3A1BDC003C02F2": {
			"explicitFileType": "sourcecode.cpp.cpp",
			"fileEncoding": "4",
			"isa": "PBXFileReference",
			"name": "ofApp.cpp",
			"path": "src/ofApp.cpp",
			"sourceTree": "SOURCE_ROOT"
		},
		"E4B69E1F0A3A1BDC003C02F2": {
			"fileEncoding": "4",
			"isa": "PBXFileReference",
			"lastKnownFileType": "sourcecode.c.h",
			"name": "ofApp.h",
			"path": "src/ofApp.h",
			"sourceTree": "SOURCE_ROOT"
		},
		"E4B69E200A3A1BDC003C02F2": {
			"fileRef": "E4B69E1D0A3A1BDC003C02F2",
			"isa": "PBXBuildFile"
		},
		"E4B69E210A3A1BDC003C02F2": {
			"fileRef": "E4B69E1E0A3A1BDC003C02F2",
			"isa": "PBXBuildFile"
		},
		"E4B6FCAD0C3E899E008CF71C": {
			"fileEncoding": "4",
			"isa": "PBXFileReference",
			"lastKnownFileType": "text.plist.xml",
			"path": "openFrameworks-Info.plist",
			"sourceTree": "<group>"
		},
		"E4C2427710CC5ABF004149E2": {
			"buildActionMask": "2147483647",
			"dstPath": "",
			"dstSubfolderSpec": "10",
			"files": [],
			"isa": "PBXCopyFilesBuildPhase",
			"runOnlyForDeploymentPostprocessing": "0"
		},
		"E4EB6923138AFD0F00A09F29": {
			"fileEncoding": "4",
			"isa": "PBXFileReference",
			"lastKnownFileType": "text.xcconfig",
			"path": "Project.xcconfig",
			"sourceTree": "<group>"
		},
		"EB17DF97-D3C9-49E1-98E2-B2002F9A57BA": {
			"children": [
				"A074CBDF-F4C2-4502-9A74-2B671334A850"
			],
			"isa": "PBXGroup",
			"name": "include",
			"path": "include",
			"sourceTree": "<group>"
		},
		"EEB4FAAC-1328-4330-9F0B-3208BC54074C": {
			"children": [
				"BEC0147A-1EE8-4785-923E-3F3E72AA5E23",
				"19E6AD3B-E595-4FA1-AABC-DB205B604E31"
			],
			"isa": "PBXGroup",
			"name": "libs",
			"path": "libs",
			"sourceTree": "<group>"
		},
		"F73890CF-F693-410B-B56F-6534B02CD53F": {
			"children": [
				"E1253B3B-D592-44F7-8E19-7B85F0DD7741",
				"3E85C08D-5053-4210-A2A1-36CDF768BDE2",
				"30DDF66F-61C3-44D5-8BA9-EC547A04F323",
				"B26C4886-4CEA-452B-A1C9-0384BB944E5F",
				"B03899B4-C21E-49A4-AFB9-473A484E36C2",
				"861671A8-DFB7-4F14-B19A-B06A8EE53B0E"
			],
			"isa": "PBXGroup",
			"name": "ofxLatk",
			"path": "ofxLatk",
			"sourceTree": "<group>"
		},
		"FD0F8B18-9BD3-4C69-B832-0D2308456E6F": {
			"fileEncoding": "4",
			"isa": "PBXFileReference",
			"lastKnownFileType": "sourcecode.cpp.cpp",
			"name": "LatkZip.cpp",
			"sourceTree": "<group>"
		}
	},
	"rootObject": "E4B69B4C0A3A1720003C02F2"
}